
Microsoft Visual Studio Solution File, Format Version 12.00
# Visual Studio Version 17
VisualStudioVersion = 17.7.34031.279
MinimumVisualStudioVersion = 10.0.40219.1
Project("{FAE04EC0-301F-11D3-BF4B-00C04F79EFBC}") = "Practica 2, unidad 4", "Practica 2, unidad 4.csproj", "{46C40909-0A30-40DB-ABCB-95533A6727A0}"
EndProject
Global
	GlobalSection(SolutionConfigurationPlatforms) = preSolution
		Debug|Any CPU = Debug|Any CPU
		Release|Any CPU = Release|Any CPU
	EndGlobalSection
	GlobalSection(ProjectConfigurationPlatforms) = postSolution
		{46C40909-0A30-40DB-ABCB-95533A6727A0}.Debug|Any CPU.ActiveCfg = Debug|Any CPU
		{46C40909-0A30-40DB-ABCB-95533A6727A0}.Debug|Any CPU.Build.0 = Debug|Any CPU
		{46C40909-0A30-40DB-ABCB-95533A6727A0}.Release|Any CPU.ActiveCfg = Release|Any CPU
		{46C40909-0A30-40DB-ABCB-95533A6727A0}.Release|Any CPU.Build.0 = Release|Any CPU
	EndGlobalSection
	GlobalSection(SolutionProperties) = preSolution
		HideSolutionNode = FALSE
	EndGlobalSection
	GlobalSection(ExtensibilityGlobals) = postSolution
		SolutionGuid = {6A91AD42-B618-44AE-BD6B-A3A0F8C3764D}
	EndGlobalSection
EndGlobal
